
Microsoft Visual Studio Solution File, Format Version 12.00
# Visual Studio Version 16
VisualStudioVersion = 16.0.29728.190
MinimumVisualStudioVersion = 10.0.40219.1
Project("{FAE04EC0-301F-11D3-BF4B-00C04F79EFBC}") = "NullableTypes", "NullableTypes\NullableTypes.csproj", "{95A4CA43-69BC-4EDD-822D-7E8F4FEA0B74}"
EndProject
Global
	GlobalSection(SolutionConfigurationPlatforms) = preSolution
		Debug|Any CPU = Debug|Any CPU
		Release|Any CPU = Release|Any CPU
	EndGlobalSection
	GlobalSection(ProjectConfigurationPlatforms) = postSolution
		{95A4CA43-69BC-4EDD-822D-7E8F4FEA0B74}.Debug|Any CPU.ActiveCfg = Debug|Any CPU
		{95A4CA43-69BC-4EDD-822D-7E8F4FEA0B74}.Debug|Any CPU.Build.0 = Debug|Any CPU
		{95A4CA43-69BC-4EDD-822D-7E8F4FEA0B74}.Release|Any CPU.ActiveCfg = Release|Any CPU
		{95A4CA43-69BC-4EDD-822D-7E8F4FEA0B74}.Release|Any CPU.Build.0 = Release|Any CPU
	EndGlobalSection
	GlobalSection(SolutionProperties) = preSolution
		HideSolutionNode = FALSE
	EndGlobalSection
	GlobalSection(ExtensibilityGlobals) = postSolution
		SolutionGuid = {6C556B7F-1DC4-4200-8FF1-FE711E22E4EF}
	EndGlobalSection
EndGlobal
